
Microsoft Visual Studio Solution File, Format Version 12.00
# Visual Studio Version 16
VisualStudioVersion = 16.0.31507.150
MinimumVisualStudioVersion = 10.0.40219.1
Project("{FAE04EC0-301F-11D3-BF4B-00C04F79EFBC}") = "umjunsik-lang-csharp", "umjunsik-lang-csharp.csproj", "{53CAE929-82BE-4F94-8A57-9F8CCF2C375A}"
EndProject
Global
	GlobalSection(SolutionConfigurationPlatforms) = preSolution
		Debug|Any CPU = Debug|Any CPU
		Release|Any CPU = Release|Any CPU
	EndGlobalSection
	GlobalSection(ProjectConfigurationPlatforms) = postSolution
		{53CAE929-82BE-4F94-8A57-9F8CCF2C375A}.Debug|Any CPU.ActiveCfg = Debug|Any CPU
		{53CAE929-82BE-4F94-8A57-9F8CCF2C375A}.Debug|Any CPU.Build.0 = Debug|Any CPU
		{53CAE929-82BE-4F94-8A57-9F8CCF2C375A}.Release|Any CPU.ActiveCfg = Release|Any CPU
		{53CAE929-82BE-4F94-8A57-9F8CCF2C375A}.Release|Any CPU.Build.0 = Release|Any CPU
	EndGlobalSection
	GlobalSection(SolutionProperties) = preSolution
		HideSolutionNode = FALSE
	EndGlobalSection
	GlobalSection(ExtensibilityGlobals) = postSolution
		SolutionGuid = {4801A51B-6747-4D82-A84A-2074C45AB231}
	EndGlobalSection
EndGlobal
